
Microsoft Visual Studio Solution File, Format Version 12.00
# Visual Studio Version 16
VisualStudioVersion = 16.0.29318.209
MinimumVisualStudioVersion = 10.0.40219.1
Project("{9A19103F-16F7-4668-BE54-9A1E7A4F7556}") = "DefaultInterfaceMembers", "DefaultInterfaceMembers\DefaultInterfaceMembers.csproj", "{2DC0A05F-7D75-4C50-94D0-5F38377332EB}"
EndProject
Project("{9A19103F-16F7-4668-BE54-9A1E7A4F7556}") = "DefaultInterfaceMembersStandardCase", "DefaultInterfaceMembersStandardCase\DefaultInterfaceMembersStandardCase.csproj", "{08D08675-C472-41FE-9526-3003A8A62399}"
EndProject
Project("{9A19103F-16F7-4668-BE54-9A1E7A4F7556}") = "MeasurePerformanceCore2.2", "MeasurePerformanceCore2.2\MeasurePerformanceCore2.2.csproj", "{2B48125D-90AF-4716-B763-44B1C2ADFEBE}"
EndProject
Project("{9A19103F-16F7-4668-BE54-9A1E7A4F7556}") = "MeasurePerformanceCore3", "MeasurePerformanceCore3\MeasurePerformanceCore3.csproj", "{C1665523-74AD-4278-95D5-FD0E11573EE6}"
EndProject
Project("{9A19103F-16F7-4668-BE54-9A1E7A4F7556}") = "AsynchronousStreams", "AsynchronousStreams\AsynchronousStreams.csproj", "{238F8BB0-9E47-443E-AEF2-56F5DCB9B519}"
EndProject
Project("{9A19103F-16F7-4668-BE54-9A1E7A4F7556}") = "IndicesAndRanges", "IndicesAndRanges\IndicesAndRanges.csproj", "{2731FB78-0833-4D92-945F-771BA75B9498}"
EndProject
Project("{FAE04EC0-301F-11D3-BF4B-00C04F79EFBC}") = "Patterns", "Patterns\Patterns.csproj", "{646CC9EE-7174-4BBB-B1E8-0697DA2A5D10}"
EndProject
Global
	GlobalSection(SolutionConfigurationPlatforms) = preSolution
		Debug|Any CPU = Debug|Any CPU
		Release|Any CPU = Release|Any CPU
	EndGlobalSection
	GlobalSection(ProjectConfigurationPlatforms) = postSolution
		{2DC0A05F-7D75-4C50-94D0-5F38377332EB}.Debug|Any CPU.ActiveCfg = Debug|Any CPU
		{2DC0A05F-7D75-4C50-94D0-5F38377332EB}.Debug|Any CPU.Build.0 = Debug|Any CPU
		{2DC0A05F-7D75-4C50-94D0-5F38377332EB}.Release|Any CPU.ActiveCfg = Release|Any CPU
		{2DC0A05F-7D75-4C50-94D0-5F38377332EB}.Release|Any CPU.Build.0 = Release|Any CPU
		{08D08675-C472-41FE-9526-3003A8A62399}.Debug|Any CPU.ActiveCfg = Debug|Any CPU
		{08D08675-C472-41FE-9526-3003A8A62399}.Debug|Any CPU.Build.0 = Debug|Any CPU
		{08D08675-C472-41FE-9526-3003A8A62399}.Release|Any CPU.ActiveCfg = Release|Any CPU
		{08D08675-C472-41FE-9526-3003A8A62399}.Release|Any CPU.Build.0 = Release|Any CPU
		{2B48125D-90AF-4716-B763-44B1C2ADFEBE}.Debug|Any CPU.ActiveCfg = Debug|Any CPU
		{2B48125D-90AF-4716-B763-44B1C2ADFEBE}.Debug|Any CPU.Build.0 = Debug|Any CPU
		{2B48125D-90AF-4716-B763-44B1C2ADFEBE}.Release|Any CPU.ActiveCfg = Release|Any CPU
		{2B48125D-90AF-4716-B763-44B1C2ADFEBE}.Release|Any CPU.Build.0 = Release|Any CPU
		{C1665523-74AD-4278-95D5-FD0E11573EE6}.Debug|Any CPU.ActiveCfg = Debug|Any CPU
		{C1665523-74AD-4278-95D5-FD0E11573EE6}.Debug|Any CPU.Build.0 = Debug|Any CPU
		{C1665523-74AD-4278-95D5-FD0E11573EE6}.Release|Any CPU.ActiveCfg = Release|Any CPU
		{C1665523-74AD-4278-95D5-FD0E11573EE6}.Release|Any CPU.Build.0 = Release|Any CPU
		{238F8BB0-9E47-443E-AEF2-56F5DCB9B519}.Debug|Any CPU.ActiveCfg = Debug|Any CPU
		{238F8BB0-9E47-443E-AEF2-56F5DCB9B519}.Debug|Any CPU.Build.0 = Debug|Any CPU
		{238F8BB0-9E47-443E-AEF2-56F5DCB9B519}.Release|Any CPU.ActiveCfg = Release|Any CPU
		{238F8BB0-9E47-443E-AEF2-56F5DCB9B519}.Release|Any CPU.Build.0 = Release|Any CPU
		{2731FB78-0833-4D92-945F-771BA75B9498}.Debug|Any CPU.ActiveCfg = Debug|Any CPU
		{2731FB78-0833-4D92-945F-771BA75B9498}.Debug|Any CPU.Build.0 = Debug|Any CPU
		{2731FB78-0833-4D92-945F-771BA75B9498}.Release|Any CPU.ActiveCfg = Release|Any CPU
		{2731FB78-0833-4D92-945F-771BA75B9498}.Release|Any CPU.Build.0 = Release|Any CPU
		{646CC9EE-7174-4BBB-B1E8-0697DA2A5D10}.Debug|Any CPU.ActiveCfg = Debug|Any CPU
		{646CC9EE-7174-4BBB-B1E8-0697DA2A5D10}.Debug|Any CPU.Build.0 = Debug|Any CPU
		{646CC9EE-7174-4BBB-B1E8-0697DA2A5D10}.Release|Any CPU.ActiveCfg = Release|Any CPU
		{646CC9EE-7174-4BBB-B1E8-0697DA2A5D10}.Release|Any CPU.Build.0 = Release|Any CPU
	EndGlobalSection
	GlobalSection(SolutionProperties) = preSolution
		HideSolutionNode = FALSE
	EndGlobalSection
	GlobalSection(ExtensibilityGlobals) = postSolution
		SolutionGuid = {855970D4-AEE4-4C4B-A118-A5EB3F92F6E0}
	EndGlobalSection
EndGlobal
